
Microsoft Visual Studio Solution File, Format Version 12.00
# Visual Studio Version 16
VisualStudioVersion = 16.0.30711.63
MinimumVisualStudioVersion = 10.0.40219.1
Project("{FAE04EC0-301F-11D3-BF4B-00C04F79EFBC}") = "DiagramadorTPI", "DiagramadorTPI\DiagramadorTPI.csproj", "{A0F9FCC0-A8E1-4F4F-A74B-760DE1C481E7}"
EndProject
Global
	GlobalSection(SolutionConfigurationPlatforms) = preSolution
		Debug|Any CPU = Debug|Any CPU
		Release|Any CPU = Release|Any CPU
	EndGlobalSection
	GlobalSection(ProjectConfigurationPlatforms) = postSolution
		{A0F9FCC0-A8E1-4F4F-A74B-760DE1C481E7}.Debug|Any CPU.ActiveCfg = Debug|Any CPU
		{A0F9FCC0-A8E1-4F4F-A74B-760DE1C481E7}.Debug|Any CPU.Build.0 = Debug|Any CPU
		{A0F9FCC0-A8E1-4F4F-A74B-760DE1C481E7}.Release|Any CPU.ActiveCfg = Release|Any CPU
		{A0F9FCC0-A8E1-4F4F-A74B-760DE1C481E7}.Release|Any CPU.Build.0 = Release|Any CPU
	EndGlobalSection
	GlobalSection(SolutionProperties) = preSolution
		HideSolutionNode = FALSE
	EndGlobalSection
	GlobalSection(ExtensibilityGlobals) = postSolution
		SolutionGuid = {0F2A1CA0-68BD-44A0-B551-D99556986A17}
	EndGlobalSection
EndGlobal
